
Microsoft Visual Studio Solution File, Format Version 12.00
# Visual Studio Version 17
VisualStudioVersion = 17.4.33110.190
MinimumVisualStudioVersion = 10.0.40219.1
Project("{FAE04EC0-301F-11D3-BF4B-00C04F79EFBC}") = "demos", "demos\demos.csproj", "{CDC708AF-19C5-4250-9FD0-EE7EF96FFCBA}"
EndProject
Global
	GlobalSection(SolutionConfigurationPlatforms) = preSolution
		Debug|Any CPU = Debug|Any CPU
		Release|Any CPU = Release|Any CPU
	EndGlobalSection
	GlobalSection(ProjectConfigurationPlatforms) = postSolution
		{CDC708AF-19C5-4250-9FD0-EE7EF96FFCBA}.Debug|Any CPU.ActiveCfg = Debug|Any CPU
		{CDC708AF-19C5-4250-9FD0-EE7EF96FFCBA}.Debug|Any CPU.Build.0 = Debug|Any CPU
		{CDC708AF-19C5-4250-9FD0-EE7EF96FFCBA}.Release|Any CPU.ActiveCfg = Release|Any CPU
		{CDC708AF-19C5-4250-9FD0-EE7EF96FFCBA}.Release|Any CPU.Build.0 = Release|Any CPU
	EndGlobalSection
	GlobalSection(SolutionProperties) = preSolution
		HideSolutionNode = FALSE
	EndGlobalSection
	GlobalSection(ExtensibilityGlobals) = postSolution
		SolutionGuid = {322CAE26-EF6D-4E3B-9844-D4D38AAFF530}
	EndGlobalSection
EndGlobal
